{
  "name": "command bar",
  "lockfileVersion": 3,
  "requires": true,
  "packages": {
    "": {
      "dependencies": {
        "lucide": "^0.306.0"
      },
      "devDependencies": {
        "typescript": "^5.3.3"
      }
    },
    "node_modules/lucide": {
      "version": "0.306.0",
      "resolved": "https://registry.npmjs.org/lucide/-/lucide-0.306.0.tgz",
      "integrity": "sha512-asGEYqknMo601yhxaFafTXa97E0joe/iHN6j8kyQrOJpgHregJ5kZK30OOknQppTMuutrRRQnU0efdueSZl8gg=="
    },
    "node_modules/typescript": {
      "version": "5.3.3",
      "resolved": "https://registry.npmjs.org/typescript/-/typescript-5.3.3.tgz",
      "integrity": "sha512-pXWcraxM0uxAS+tN0AG/BF2TyqmHO014Z070UsJ+pFvYuRSq8KH8DmWpnbXe0pEPDHXZV3FcAbJkijJ5oNEnWw==",
      "dev": true,
      "bin": {
        "tsc": "bin/tsc",
        "tsserver": "bin/tsserver"
      },
      "engines": {
        "node": ">=14.17"
      }
    }
  }
}
